
Microsoft Visual Studio Solution File, Format Version 12.00
# Visual Studio Version 17
VisualStudioVersion = 17.11.35219.272
MinimumVisualStudioVersion = 10.0.40219.1
Project("{FAE04EC0-301F-11D3-BF4B-00C04F79EFBC}") = "inactiveBotPKT", "inactiveBotPKT\inactiveBotPKT.csproj", "{60BD7237-5136-4D66-948A-CD6F7BF2B8D2}"
EndProject
Global
	GlobalSection(SolutionConfigurationPlatforms) = preSolution
		Debug|Any CPU = Debug|Any CPU
		Release|Any CPU = Release|Any CPU
	EndGlobalSection
	GlobalSection(ProjectConfigurationPlatforms) = postSolution
		{60BD7237-5136-4D66-948A-CD6F7BF2B8D2}.Debug|Any CPU.ActiveCfg = Debug|Any CPU
		{60BD7237-5136-4D66-948A-CD6F7BF2B8D2}.Debug|Any CPU.Build.0 = Debug|Any CPU
		{60BD7237-5136-4D66-948A-CD6F7BF2B8D2}.Release|Any CPU.ActiveCfg = Release|Any CPU
		{60BD7237-5136-4D66-948A-CD6F7BF2B8D2}.Release|Any CPU.Build.0 = Release|Any CPU
	EndGlobalSection
	GlobalSection(SolutionProperties) = preSolution
		HideSolutionNode = FALSE
	EndGlobalSection
	GlobalSection(ExtensibilityGlobals) = postSolution
		SolutionGuid = {ADFC0D5B-C215-45F5-AFDB-B53470CD21B7}
	EndGlobalSection
EndGlobal
